# This file was autogenerated by Stack.
# You should not edit this file by hand.
# For more information, please see the documentation at:
#   https://docs.haskellstack.org/en/stable/lock_files

packages:
- completed:
    hackage: GA-1.0@sha256:27841fbfc401097da63562e6a7d1cdd2460e9888026c365d023329da6169605b,1610
    pantry-tree:
      size: 461
      sha256: d1ba9608e46829e7ee53458559c65d1b571ef072b1c837ab0ac3e604536e6a17
  original:
    hackage: GA-1.0
- completed:
    hackage: bitwise-0.1.1.1@sha256:f6d1ba82a9126162db64810577eb331c6a402dc580fc50a609eb4ee2646f0db7,3238
    pantry-tree:
      size: 971
      sha256: 2319a25c9612f0262af277d38b51df2a40af39dce631a9e04f30062926b734f2
  original:
    hackage: bitwise-0.1.1.1
- completed:
    hackage: bv-0.4.1@sha256:f5f83194492e79b06c277c266177b74710a96353a2d1930a17c7b84a569d109b,2092
    pantry-tree:
      size: 367
      sha256: 06321c5a53f7bd7ba819afe108f79a414063c98bb6717100603c5e970525b5d6
  original:
    hackage: bv-0.4.1
snapshots:
- completed:
    size: 420604
    url: https://raw.githubusercontent.com/commercialhaskell/stackage-snapshots/master/lts/7/2.yaml
    sha256: 73c186767856ca2fce09f74bcfce533980cd8b000baaaa3fe6f03aa237cb5d64
  original: lts-7.2
